Microsoft Visual Studio Solution File, Format Version 12.00
# Visual Studio Version 17
VisualStudioVersion = 17.5.2.0
MinimumVisualStudioVersion = 10.0.40219.1
Project("{2150E333-8FDC-42A3-9474-1A3956D46DE8}") = "mod", "mod", "{4721CDBE-9835-733F-D50B-18F505229922}"
EndProject
Project("{FAE04EC0-301F-11D3-BF4B-00C04F79EFBC}") = "sts2.at", "mod\sts2.at.csproj", "{6EF7C6D7-2B94-957B-34B8-AF14AC405426}"
EndProject
Global
	GlobalSection(SolutionConfigurationPlatforms) = preSolution
		Debug|Any CPU = Debug|Any CPU
		Release|Any CPU = Release|Any CPU
	EndGlobalSection
	GlobalSection(ProjectConfigurationPlatforms) = postSolution
		{6EF7C6D7-2B94-957B-34B8-AF14AC405426}.Debug|Any CPU.ActiveCfg = Debug|Any CPU
		{6EF7C6D7-2B94-957B-34B8-AF14AC405426}.Debug|Any CPU.Build.0 = Debug|Any CPU
		{6EF7C6D7-2B94-957B-34B8-AF14AC405426}.Release|Any CPU.ActiveCfg = Release|Any CPU
		{6EF7C6D7-2B94-957B-34B8-AF14AC405426}.Release|Any CPU.Build.0 = Release|Any CPU
	EndGlobalSection
	GlobalSection(SolutionProperties) = preSolution
		HideSolutionNode = FALSE
	EndGlobalSection
	GlobalSection(NestedProjects) = preSolution
		{6EF7C6D7-2B94-957B-34B8-AF14AC405426} = {4721CDBE-9835-733F-D50B-18F505229922}
	EndGlobalSection
	GlobalSection(ExtensibilityGlobals) = postSolution
		SolutionGuid = {DEF73302-451A-494E-B604-77E691E1C5DA}
	EndGlobalSection
EndGlobal
